<?xml version="1.0" encoding="utf-8"?>
<Project ToolsVersion="4.0" xmlns="http://schemas.microsoft.com/developer/msbuild/2003">
  <ItemGroup>
    <Filter Include="src">
      <UniqueIdentifier>{df9f9b87-18f1-4117-81ed-f172d78c6f82}</UniqueIdentifier>
    </Filter>
    <Filter Include="src\GraphCore">
      <UniqueIdentifier>{5b0d65e2-945e-4ace-beb7-3a67b20b5f15}</UniqueIdentifier>
    </Filter>
    <Filter Include="src\GraphModules">
      <UniqueIdentifier>{67384c03-b68e-41ae-9a78-042d16b127a2}</UniqueIdentifier>
    </Filter>
    <Filter Include="src\GraphModules\BaseMath">
      <UniqueIdentifier>{2c9a2890-4b42-42a2-8259-50b32377c3f8}</UniqueIdentifier>
    </Filter>
    <Filter Include="src\GraphModules\Data">
      <UniqueIdentifier>{a5f51d6c-8cf6-4029-9887-90b321163cd5}</UniqueIdentifier>
    </Filter>
    <Filter Include="src\GraphModules\UI">
      <UniqueIdentifier>{7a93874b-4e53-41af-bdf9-310b821acae3}</UniqueIdentifier>
    </Filter>
    <Filter Include="src\StormTrack">
      <UniqueIdentifier>{2e87c09f-3917-48c2-af80-1d31566da5b3}</UniqueIdentifier>
    </Filter>
    <Filter Include="src\RaiiWinApi">
      <UniqueIdentifier>{bf43a090-7a28-4b25-abf2-337c550736b5}</UniqueIdentifier>
    </Filter>
    <Filter Include="src\GraphModules\UI\Ruler">
      <UniqueIdentifier>{5c2851a2-cae8-4219-b1bf-4aac0c8e0aee}</UniqueIdentifier>
    </Filter>
  </ItemGroup>
  <ItemGroup>
    <ClCompile Include="..\..\src\GraphCore\GraphContext.cpp">
      <Filter>src\GraphCore</Filter>
    </ClCompile>
    <ClCompile Include="..\..\src\GraphCore\GraphState.cpp">
      <Filter>src\GraphCore</Filter>
    </ClCompile>
    <ClCompile Include="..\..\src\GraphCore\TransformCoordinates.cpp">
      <Filter>src\GraphCore</Filter>
    </ClCompile>
    <ClCompile Include="..\..\src\GraphModules\BaseMath\Area2d.cpp">
      <Filter>src\GraphModules\BaseMath</Filter>
    </ClCompile>
    <ClCompile Include="..\..\src\GraphModules\BaseMath\RelativeVec2d.cpp">
      <Filter>src\GraphModules\BaseMath</Filter>
    </ClCompile>
    <ClCompile Include="..\..\src\GraphModules\BaseMath\Vec2d.cpp">
      <Filter>src\GraphModules\BaseMath</Filter>
    </ClCompile>
    <ClCompile Include="..\..\src\GraphModules\Data\DataState.cpp">
      <Filter>src\GraphModules\Data</Filter>
    </ClCompile>
    <ClCompile Include="..\..\src\GraphModules\Data\LinearData.cpp">
      <Filter>src\GraphModules\Data</Filter>
    </ClCompile>
    <ClCompile Include="..\..\src\GraphModules\Data\RenderCache.cpp">
      <Filter>src\GraphModules\Data</Filter>
    </ClCompile>
    <ClCompile Include="..\..\src\GraphModules\UI\AutoScaler.cpp">
      <Filter>src\GraphModules\UI</Filter>
    </ClCompile>
    <ClCompile Include="..\..\src\GraphModules\UI\DataTracker.cpp">
      <Filter>src\GraphModules\UI</Filter>
    </ClCompile>
    <ClCompile Include="..\..\src\GraphModules\UI\LegendItem.cpp">
      <Filter>src\GraphModules\UI</Filter>
    </ClCompile>
    <ClCompile Include="..\..\src\GraphModules\UI\TugboatState.cpp">
      <Filter>src\GraphModules\UI</Filter>
    </ClCompile>
    <ClCompile Include="..\..\src\GraphModules\UI\WindowState.cpp">
      <Filter>src\GraphModules\UI</Filter>
    </ClCompile>
    <ClCompile Include="..\..\src\GraphModules\UI\ZoomState.cpp">
      <Filter>src\GraphModules\UI</Filter>
    </ClCompile>
    <ClCompile Include="..\..\src\StormTrack\StormTrack.cpp">
      <Filter>src\StormTrack</Filter>
    </ClCompile>
    <ClCompile Include="..\..\src\StormTrack\WinApiEvents.cpp">
      <Filter>src\StormTrack</Filter>
    </ClCompile>
    <ClCompile Include="..\..\src\StormTrack\StormTrackAPI.cpp">
      <Filter>src\StormTrack</Filter>
    </ClCompile>
    <ClCompile Include="..\..\src\GraphModules\UI\FpsState.cpp">
      <Filter>src\GraphModules\UI</Filter>
    </ClCompile>
    <ClCompile Include="..\..\src\GraphCore\GraphRender.cpp">
      <Filter>src\GraphCore</Filter>
    </ClCompile>
    <ClCompile Include="..\..\src\StormTrack\WinApiIconLoader.cpp">
      <Filter>src\StormTrack</Filter>
    </ClCompile>
    <ClCompile Include="..\..\src\GraphModules\UI\DisplayHotKeys.cpp">
      <Filter>src\GraphModules\UI</Filter>
    </ClCompile>
    <ClCompile Include="..\..\src\GraphModules\UI\PlotResizer.cpp">
      <Filter>src\GraphModules\UI</Filter>
    </ClCompile>
    <ClCompile Include="..\..\src\GraphModules\UI\Ruler\AxesState.cpp">
      <Filter>src\GraphModules\UI\Ruler</Filter>
    </ClCompile>
    <ClCompile Include="..\..\src\GraphModules\UI\Ruler\Caption.cpp">
      <Filter>src\GraphModules\UI\Ruler</Filter>
    </ClCompile>
    <ClCompile Include="..\..\src\GraphModules\UI\Ruler\Grid.cpp">
      <Filter>src\GraphModules\UI\Ruler</Filter>
    </ClCompile>
    <ClCompile Include="..\..\src\GraphModules\UI\Ruler\GridCalculator.cpp">
      <Filter>src\GraphModules\UI\Ruler</Filter>
    </ClCompile>
    <ClCompile Include="..\..\src\GraphModules\UI\Ruler\TextFormatter.cpp">
      <Filter>src\GraphModules\UI\Ruler</Filter>
    </ClCompile>
    <ClCompile Include="..\..\src\GraphModules\UI\Ruler\TransparentColor.cpp">
      <Filter>src\GraphModules\UI\Ruler</Filter>
    </ClCompile>
  </ItemGroup>
  <ItemGroup>
    <ClInclude Include="..\..\src\GraphCore\GraphContext.hpp">
      <Filter>src\GraphCore</Filter>
    </ClInclude>
    <ClInclude Include="..\..\src\GraphCore\GraphState.hpp">
      <Filter>src\GraphCore</Filter>
    </ClInclude>
    <ClInclude Include="..\..\src\GraphCore\TransformCoordinates.hpp">
      <Filter>src\GraphCore</Filter>
    </ClInclude>
    <ClInclude Include="..\..\src\GraphModules\BaseMath\Area2d.hpp">
      <Filter>src\GraphModules\BaseMath</Filter>
    </ClInclude>
    <ClInclude Include="..\..\src\GraphModules\BaseMath\RelativeVec2d.hpp">
      <Filter>src\GraphModules\BaseMath</Filter>
    </ClInclude>
    <ClInclude Include="..\..\src\GraphModules\BaseMath\Vec2d.hpp">
      <Filter>src\GraphModules\BaseMath</Filter>
    </ClInclude>
    <ClInclude Include="..\..\src\GraphModules\Data\DataState.hpp">
      <Filter>src\GraphModules\Data</Filter>
    </ClInclude>
    <ClInclude Include="..\..\src\GraphModules\Data\LinearData.hpp">
      <Filter>src\GraphModules\Data</Filter>
    </ClInclude>
    <ClInclude Include="..\..\src\GraphModules\Data\RenderCache.hpp">
      <Filter>src\GraphModules\Data</Filter>
    </ClInclude>
    <ClInclude Include="..\..\src\GraphModules\UI\AutoScaler.hpp">
      <Filter>src\GraphModules\UI</Filter>
    </ClInclude>
    <ClInclude Include="..\..\src\GraphModules\UI\ConfigUI.hpp">
      <Filter>src\GraphModules\UI</Filter>
    </ClInclude>
    <ClInclude Include="..\..\src\GraphModules\UI\DataTracker.hpp">
      <Filter>src\GraphModules\UI</Filter>
    </ClInclude>
    <ClInclude Include="..\..\src\GraphModules\UI\LegendItem.hpp">
      <Filter>src\GraphModules\UI</Filter>
    </ClInclude>
    <ClInclude Include="..\..\src\GraphModules\UI\PlotResizer.hpp">
      <Filter>src\GraphModules\UI</Filter>
    </ClInclude>
    <ClInclude Include="..\..\src\GraphModules\UI\TugboatState.hpp">
      <Filter>src\GraphModules\UI</Filter>
    </ClInclude>
    <ClInclude Include="..\..\src\GraphModules\UI\WindowState.hpp">
      <Filter>src\GraphModules\UI</Filter>
    </ClInclude>
    <ClInclude Include="..\..\src\GraphModules\UI\ZoomState.hpp">
      <Filter>src\GraphModules\UI</Filter>
    </ClInclude>
    <ClInclude Include="..\..\src\RaiiWinApi\RaiiWinApi.hpp">
      <Filter>src\RaiiWinApi</Filter>
    </ClInclude>
    <ClInclude Include="..\..\src\StormTrack\StormTrack.hpp">
      <Filter>src\StormTrack</Filter>
    </ClInclude>
    <ClInclude Include="..\..\src\GraphModules\UI\FpsState.hpp">
      <Filter>src\GraphModules\UI</Filter>
    </ClInclude>
    <ClInclude Include="..\..\src\StormTrack\StormTrackIconData.hpp">
      <Filter>src\StormTrack</Filter>
    </ClInclude>
    <ClInclude Include="..\..\src\StormTrack\WinApiIconLoader.hpp">
      <Filter>src\StormTrack</Filter>
    </ClInclude>
    <ClInclude Include="..\..\src\GraphModules\UI\DisplayHotKeys.hpp">
      <Filter>src\GraphModules\UI</Filter>
    </ClInclude>
    <ClInclude Include="..\..\src\GraphModules\UI\Ruler\AxesDescription.hpp">
      <Filter>src\GraphModules\UI\Ruler</Filter>
    </ClInclude>
    <ClInclude Include="..\..\src\GraphModules\UI\Ruler\AxesState.hpp">
      <Filter>src\GraphModules\UI\Ruler</Filter>
    </ClInclude>
    <ClInclude Include="..\..\src\GraphModules\UI\Ruler\Caption.hpp">
      <Filter>src\GraphModules\UI\Ruler</Filter>
    </ClInclude>
    <ClInclude Include="..\..\src\GraphModules\UI\Ruler\Grid.hpp">
      <Filter>src\GraphModules\UI\Ruler</Filter>
    </ClInclude>
    <ClInclude Include="..\..\src\GraphModules\UI\Ruler\GridCalculator.hpp">
      <Filter>src\GraphModules\UI\Ruler</Filter>
    </ClInclude>
    <ClInclude Include="..\..\src\GraphModules\UI\Ruler\TextFormatter.hpp">
      <Filter>src\GraphModules\UI\Ruler</Filter>
    </ClInclude>
    <ClInclude Include="..\..\src\GraphModules\UI\Ruler\TransparentColor.hpp">
      <Filter>src\GraphModules\UI\Ruler</Filter>
    </ClInclude>
  </ItemGroup>
</Project>